
Microsoft Visual Studio Solution File, Format Version 12.00
# Visual Studio 14
VisualStudioVersion = 14.0.25420.1
MinimumVisualStudioVersion = 10.0.40219.1
Project("{FAE04EC0-301F-11D3-BF4B-00C04F79EFBC}") = "Evidence", "Evidence\Evidence.csproj", "{AE55CAB2-3B6E-421D-88A8-4D4BA943F4AB}"
EndProject
Project("{FAE04EC0-301F-11D3-BF4B-00C04F79EFBC}") = "DAL", "DAL\DAL.csproj", "{05F194BC-3372-48B6-B715-39BF09616306}"
EndProject
Global
	GlobalSection(SolutionConfigurationPlatforms) = preSolution
		Debug|Any CPU = Debug|Any CPU
		Release|Any CPU = Release|Any CPU
	EndGlobalSection
	GlobalSection(ProjectConfigurationPlatforms) = postSolution
		{AE55CAB2-3B6E-421D-88A8-4D4BA943F4AB}.Debug|Any CPU.ActiveCfg = Debug|Any CPU
		{AE55CAB2-3B6E-421D-88A8-4D4BA943F4AB}.Debug|Any CPU.Build.0 = Debug|Any CPU
		{AE55CAB2-3B6E-421D-88A8-4D4BA943F4AB}.Release|Any CPU.ActiveCfg = Release|Any CPU
		{AE55CAB2-3B6E-421D-88A8-4D4BA943F4AB}.Release|Any CPU.Build.0 = Release|Any CPU
		{05F194BC-3372-48B6-B715-39BF09616306}.Debug|Any CPU.ActiveCfg = Debug|Any CPU
		{05F194BC-3372-48B6-B715-39BF09616306}.Debug|Any CPU.Build.0 = Debug|Any CPU
		{05F194BC-3372-48B6-B715-39BF09616306}.Release|Any CPU.ActiveCfg = Release|Any CPU
		{05F194BC-3372-48B6-B715-39BF09616306}.Release|Any CPU.Build.0 = Release|Any CPU
	EndGlobalSection
	GlobalSection(SolutionProperties) = preSolution
		HideSolutionNode = FALSE
	EndGlobalSection
EndGlobal
